<?xml version="1.0" encoding="utf-8"?>
<Project ToolsVersion="4.0" xmlns="http://schemas.microsoft.com/developer/msbuild/2003">
  <ItemGroup>
    <Filter Include="00.Basic">
      <UniqueIdentifier>{e743d26d-4954-42af-8a15-a357062056c3}</UniqueIdentifier>
    </Filter>
    <Filter Include="01.FrameWork">
      <UniqueIdentifier>{d77ffbde-7ac6-4970-aa8b-549e2855bf6b}</UniqueIdentifier>
    </Filter>
    <Filter Include="02.Scene">
      <UniqueIdentifier>{207284ce-419d-4fd6-95ba-360f375e5278}</UniqueIdentifier>
    </Filter>
    <Filter Include="03.Timer">
      <UniqueIdentifier>{eb1efe8c-eaee-430f-a4c4-e82c30720ef1}</UniqueIdentifier>
    </Filter>
    <Filter Include="04.Shader">
      <UniqueIdentifier>{ac2ef4d7-a4b9-4075-b309-9a5d93b9ffb8}</UniqueIdentifier>
    </Filter>
    <Filter Include="99.Resource">
      <UniqueIdentifier>{67DA6AB6-F800-4c08-8B7A-83BB121AAD01}</UniqueIdentifier>
      <Extensions>rc;ico;cur;bmp;dlg;rc2;rct;bin;rgs;gif;jpg;jpeg;jpe;resx;tiff;tif;png;wav;mfcribbon-ms</Extensions>
    </Filter>
    <Filter Include="06.Player">
      <UniqueIdentifier>{1a3cf00a-5cea-408b-acc8-b649c3cbf5da}</UniqueIdentifier>
    </Filter>
    <Filter Include="07.Camera">
      <UniqueIdentifier>{33f4ca6f-ac3c-4f8e-aea2-95f2afd98c02}</UniqueIdentifier>
    </Filter>
    <Filter Include="98.external">
      <UniqueIdentifier>{d761b15f-ab1f-4439-8351-87a8b9604e31}</UniqueIdentifier>
    </Filter>
    <Filter Include="08.Animation">
      <UniqueIdentifier>{4bc3aa1e-70c8-4b3a-883d-43ad0074c13c}</UniqueIdentifier>
    </Filter>
    <Filter Include="05.Component">
      <UniqueIdentifier>{c8a9b285-7c5e-46bc-b5ac-0da6bfc99d91}</UniqueIdentifier>
    </Filter>
    <Filter Include="97.HLSL">
      <UniqueIdentifier>{5f88fd86-4f1f-4644-b782-15d2a97e961a}</UniqueIdentifier>
    </Filter>
    <Filter Include="09.Geometry">
      <UniqueIdentifier>{21b72547-4a64-412b-9b5d-c6557932a9dd}</UniqueIdentifier>
    </Filter>
  </ItemGroup>
  <ItemGroup>
    <ClInclude Include="Camera.h">
      <Filter>07.Camera</Filter>
    </ClInclude>
    <ClInclude Include="Player.h">
      <Filter>06.Player</Filter>
    </ClInclude>
    <ClInclude Include="Object.h">
      <Filter>05.Component</Filter>
    </ClInclude>
    <ClInclude Include="Timer.h">
      <Filter>03.Timer</Filter>
    </ClInclude>
    <ClInclude Include="GameFramework.h">
      <Filter>01.FrameWork</Filter>
    </ClInclude>
    <ClInclude Include="Mesh.h">
      <Filter>05.Component</Filter>
    </ClInclude>
    <ClInclude Include="Shader.h">
      <Filter>04.Shader</Filter>
    </ClInclude>
    <ClInclude Include="Scene.h">
      <Filter>02.Scene</Filter>
    </ClInclude>
    <ClInclude Include="Resource.h">
      <Filter>00.Basic</Filter>
    </ClInclude>
    <ClInclude Include="CorruptLab.h">
      <Filter>00.Basic</Filter>
    </ClInclude>
    <ClInclude Include="framework.h">
      <Filter>00.Basic</Filter>
    </ClInclude>
    <ClInclude Include="stdafx.h">
      <Filter>00.Basic</Filter>
    </ClInclude>
    <ClInclude Include="targetver.h">
      <Filter>00.Basic</Filter>
    </ClInclude>
    <ClInclude Include="Material.h">
      <Filter>05.Component</Filter>
    </ClInclude>
    <ClInclude Include="WICTextureLoader12.h">
      <Filter>98.external</Filter>
    </ClInclude>
    <ClInclude Include="DDSTextureLoader12.h">
      <Filter>98.external</Filter>
    </ClInclude>
    <ClInclude Include="d3dx12.h">
      <Filter>98.external</Filter>
    </ClInclude>
    <ClInclude Include="Animation.h">
      <Filter>08.Animation</Filter>
    </ClInclude>
    <ClInclude Include="Define.h">
      <Filter>00.Basic</Filter>
    </ClInclude>
    <ClInclude Include="Geometry.h">
      <Filter>09.Geometry</Filter>
    </ClInclude>
  </ItemGroup>
  <ItemGroup>
    <ClCompile Include="Camera.cpp">
      <Filter>07.Camera</Filter>
    </ClCompile>
    <ClCompile Include="Player.cpp">
      <Filter>06.Player</Filter>
    </ClCompile>
    <ClCompile Include="Object.cpp">
      <Filter>05.Component</Filter>
    </ClCompile>
    <ClCompile Include="Timer.cpp">
      <Filter>03.Timer</Filter>
    </ClCompile>
    <ClCompile Include="GameFramework.cpp">
      <Filter>01.FrameWork</Filter>
    </ClCompile>
    <ClCompile Include="Mesh.cpp">
      <Filter>05.Component</Filter>
    </ClCompile>
    <ClCompile Include="Shader.cpp">
      <Filter>04.Shader</Filter>
    </ClCompile>
    <ClCompile Include="Scene.cpp">
      <Filter>02.Scene</Filter>
    </ClCompile>
    <ClCompile Include="CorruptLab.cpp">
      <Filter>00.Basic</Filter>
    </ClCompile>
    <ClCompile Include="stdafx.cpp">
      <Filter>00.Basic</Filter>
    </ClCompile>
    <ClCompile Include="Material.cpp">
      <Filter>05.Component</Filter>
    </ClCompile>
    <ClCompile Include="WICTextureLoader12.cpp">
      <Filter>98.external</Filter>
    </ClCompile>
    <ClCompile Include="DDSTextureLoader12.cpp">
      <Filter>98.external</Filter>
    </ClCompile>
    <ClCompile Include="Animation.cpp">
      <Filter>08.Animation</Filter>
    </ClCompile>
    <ClCompile Include="Geometry.cpp">
      <Filter>09.Geometry</Filter>
    </ClCompile>
  </ItemGroup>
  <ItemGroup>
    <ResourceCompile Include="CorruptLab.rc">
      <Filter>99.Resource</Filter>
    </ResourceCompile>
  </ItemGroup>
  <ItemGroup>
    <Image Include="small.ico">
      <Filter>99.Resource</Filter>
    </Image>
    <Image Include="CorruptLab.ico">
      <Filter>99.Resource</Filter>
    </Image>
  </ItemGroup>
  <ItemGroup>
    <FxCompile Include="Light.hlsl">
      <Filter>97.HLSL</Filter>
    </FxCompile>
    <FxCompile Include="Shaders.hlsl">
      <Filter>97.HLSL</Filter>
    </FxCompile>
    <FxCompile Include="Geometrys.hlsl">
      <Filter>97.HLSL</Filter>
    </FxCompile>
  </ItemGroup>
</Project>