<?xml version="1.0" encoding="utf-8"?>
<Project ToolsVersion="4.0" xmlns="http://schemas.microsoft.com/developer/msbuild/2003">
  <ItemGroup>
    <Filter Include="00.Basic">
      <UniqueIdentifier>{e743d26d-4954-42af-8a15-a357062056c3}</UniqueIdentifier>
    </Filter>
    <Filter Include="01.FrameWork">
      <UniqueIdentifier>{d77ffbde-7ac6-4970-aa8b-549e2855bf6b}</UniqueIdentifier>
    </Filter>
    <Filter Include="02.Scene">
      <UniqueIdentifier>{207284ce-419d-4fd6-95ba-360f375e5278}</UniqueIdentifier>
    </Filter>
    <Filter Include="03.Timer">
      <UniqueIdentifier>{eb1efe8c-eaee-430f-a4c4-e82c30720ef1}</UniqueIdentifier>
    </Filter>
    <Filter Include="04.Shader">
      <UniqueIdentifier>{ac2ef4d7-a4b9-4075-b309-9a5d93b9ffb8}</UniqueIdentifier>
    </Filter>
    <Filter Include="99.Resource">
      <UniqueIdentifier>{67DA6AB6-F800-4c08-8B7A-83BB121AAD01}</UniqueIdentifier>
      <Extensions>rc;ico;cur;bmp;dlg;rc2;rct;bin;rgs;gif;jpg;jpeg;jpe;resx;tiff;tif;png;wav;mfcribbon-ms</Extensions>
    </Filter>
    <Filter Include="98.external">
      <UniqueIdentifier>{d761b15f-ab1f-4439-8351-87a8b9604e31}</UniqueIdentifier>
    </Filter>
    <Filter Include="08.Animation">
      <UniqueIdentifier>{4bc3aa1e-70c8-4b3a-883d-43ad0074c13c}</UniqueIdentifier>
    </Filter>
    <Filter Include="05.Component">
      <UniqueIdentifier>{c8a9b285-7c5e-46bc-b5ac-0da6bfc99d91}</UniqueIdentifier>
    </Filter>
    <Filter Include="04.Shader\02.Shader_Terrain">
      <UniqueIdentifier>{24ec661f-f3b0-45db-96e6-53ac762211f8}</UniqueIdentifier>
    </Filter>
    <Filter Include="04.Shader\00.Shader_Basic">
      <UniqueIdentifier>{402721e2-cb61-46e3-a725-9bbfacfb845a}</UniqueIdentifier>
    </Filter>
    <Filter Include="04.Shader\03.Shader_BillBoard">
      <UniqueIdentifier>{df1d75c7-55b1-4c9d-a2d9-6a0741d38732}</UniqueIdentifier>
    </Filter>
    <Filter Include="04.Shader\04.Shader_SkyBox">
      <UniqueIdentifier>{cbf24ce5-4da5-4c53-b476-563233e3e0ba}</UniqueIdentifier>
    </Filter>
    <Filter Include="04.Shader\05.Shader_Standard">
      <UniqueIdentifier>{551857dd-c2ce-4ba2-9ba7-514d17e0b07c}</UniqueIdentifier>
    </Filter>
    <Filter Include="04.Shader\06.Shader_Collision">
      <UniqueIdentifier>{d28c95c1-116a-4aa6-8620-f9814d3e3c9c}</UniqueIdentifier>
    </Filter>
    <Filter Include="05.Component\GameObject">
      <UniqueIdentifier>{3dcb082b-756b-44b9-8f27-0685c71892c3}</UniqueIdentifier>
    </Filter>
    <Filter Include="05.Component\GameObject\00.Object">
      <UniqueIdentifier>{6037695c-9c5a-4825-a36d-cca8882b3368}</UniqueIdentifier>
    </Filter>
    <Filter Include="05.Component\GameObject\01.Mesh">
      <UniqueIdentifier>{c951d617-b4dc-41e2-b5dc-a665fdef1042}</UniqueIdentifier>
    </Filter>
    <Filter Include="05.Component\GameObject\02.Camera">
      <UniqueIdentifier>{d3fece7e-8279-4b8f-bd0c-ea9c853bad08}</UniqueIdentifier>
    </Filter>
    <Filter Include="05.Component\GameObject\03.Player">
      <UniqueIdentifier>{6eb052ae-533f-4970-b7f8-3074f9952be1}</UniqueIdentifier>
    </Filter>
    <Filter Include="05.Component\GameObject\04.Terrain">
      <UniqueIdentifier>{c8e9f728-2b04-4b92-95d4-6f367b3d8f06}</UniqueIdentifier>
    </Filter>
    <Filter Include="05.Component\GameObject\05.UI">
      <UniqueIdentifier>{529f9ee9-b331-44aa-ba4d-6b60349ea885}</UniqueIdentifier>
    </Filter>
    <Filter Include="05.Component\GameObject\06.Billboard">
      <UniqueIdentifier>{4e9e31ff-232b-4a8f-a444-95d4ec8d4505}</UniqueIdentifier>
    </Filter>
    <Filter Include="04.Shader\07.Shader_Water">
      <UniqueIdentifier>{e4e42729-7729-4bc3-8d37-c9cd7064afed}</UniqueIdentifier>
    </Filter>
    <Filter Include="04.Shader\08.Shader_Noise">
      <UniqueIdentifier>{9c489511-bc7d-41a1-b46b-ceb308c6bb73}</UniqueIdentifier>
    </Filter>
    <Filter Include="05.Component\GameObject\07.Noise">
      <UniqueIdentifier>{100b3df3-19ca-46de-b25c-335348b52b9e}</UniqueIdentifier>
    </Filter>
    <Filter Include="09.GameManager">
      <UniqueIdentifier>{919efc28-c14b-4ded-a521-4abcc39834b1}</UniqueIdentifier>
    </Filter>
    <Filter Include="05.Component\GameObject\00.Object\00.StaticObject">
      <UniqueIdentifier>{6ba15521-172a-4b67-bb7d-f30e680d3e9c}</UniqueIdentifier>
    </Filter>
    <Filter Include="05.Component\GameObject\08.Monster">
      <UniqueIdentifier>{4a438c11-53c2-4091-9e07-319474379f26}</UniqueIdentifier>
    </Filter>
    <Filter Include="05.Component\GameObject\08.Monster\00.Yangmal">
      <UniqueIdentifier>{2ad92508-825c-4d41-ba39-19695ea9f558}</UniqueIdentifier>
    </Filter>
    <Filter Include="05.Component\Material">
      <UniqueIdentifier>{9d2e9600-f99c-4a3e-b012-f25da7b542e3}</UniqueIdentifier>
    </Filter>
    <Filter Include="04.Shader\01.Shader_MultiRender">
      <UniqueIdentifier>{52df1ef2-5e2f-4118-946c-59a321440c69}</UniqueIdentifier>
    </Filter>
    <Filter Include="04.Shader\01.Shader_MultiRender\00.FinalMRT">
      <UniqueIdentifier>{7dc0f709-33d6-4c1e-bd36-4783bafff0fb}</UniqueIdentifier>
    </Filter>
    <Filter Include="04.Shader\01.Shader_MultiRender\01.LightMRT">
      <UniqueIdentifier>{e5a62020-3f78-4847-9432-d6db25c4279c}</UniqueIdentifier>
    </Filter>
    <Filter Include="04.Shader\01.Shader_MultiRender\02.ShadowMRT">
      <UniqueIdentifier>{dd52bcb4-1cfd-4bc8-9fb2-6d58d30990b8}</UniqueIdentifier>
    </Filter>
  </ItemGroup>
  <ItemGroup>
    <ClInclude Include="GameFramework.h">
      <Filter>01.FrameWork</Filter>
    </ClInclude>
    <ClInclude Include="Scene.h">
      <Filter>02.Scene</Filter>
    </ClInclude>
    <ClInclude Include="Resource.h">
      <Filter>00.Basic</Filter>
    </ClInclude>
    <ClInclude Include="CorruptLab.h">
      <Filter>00.Basic</Filter>
    </ClInclude>
    <ClInclude Include="framework.h">
      <Filter>00.Basic</Filter>
    </ClInclude>
    <ClInclude Include="stdafx.h">
      <Filter>00.Basic</Filter>
    </ClInclude>
    <ClInclude Include="targetver.h">
      <Filter>00.Basic</Filter>
    </ClInclude>
    <ClInclude Include="WICTextureLoader12.h">
      <Filter>98.external</Filter>
    </ClInclude>
    <ClInclude Include="DDSTextureLoader12.h">
      <Filter>98.external</Filter>
    </ClInclude>
    <ClInclude Include="d3dx12.h">
      <Filter>98.external</Filter>
    </ClInclude>
    <ClInclude Include="Animation.h">
      <Filter>08.Animation</Filter>
    </ClInclude>
    <ClInclude Include="Define.h">
      <Filter>00.Basic</Filter>
    </ClInclude>
    <ClInclude Include="Timer.h">
      <Filter>03.Timer</Filter>
    </ClInclude>
    <ClInclude Include="Vertex.h">
      <Filter>05.Component</Filter>
    </ClInclude>
    <ClInclude Include="Object_BillBoard.h">
      <Filter>05.Component\GameObject\06.Billboard</Filter>
    </ClInclude>
    <ClInclude Include="Object_Terrain.h">
      <Filter>05.Component\GameObject\04.Terrain</Filter>
    </ClInclude>
    <ClInclude Include="Object_Player.h">
      <Filter>05.Component\GameObject\03.Player</Filter>
    </ClInclude>
    <ClInclude Include="Material.h">
      <Filter>05.Component\Material</Filter>
    </ClInclude>
    <ClInclude Include="Mesh_Terrain.h">
      <Filter>05.Component\GameObject\04.Terrain</Filter>
    </ClInclude>
    <ClInclude Include="Mesh_SkyBox.h">
      <Filter>05.Component\GameObject\06.Billboard</Filter>
    </ClInclude>
    <ClInclude Include="Mesh.h">
      <Filter>05.Component\GameObject\01.Mesh</Filter>
    </ClInclude>
    <ClInclude Include="Object.h">
      <Filter>05.Component\GameObject\00.Object</Filter>
    </ClInclude>
    <ClInclude Include="Shader.h">
      <Filter>04.Shader\00.Shader_Basic</Filter>
    </ClInclude>
    <ClInclude Include="Mesh_Skinned.h">
      <Filter>05.Component\GameObject\01.Mesh</Filter>
    </ClInclude>
    <ClInclude Include="Object_Camera.h">
      <Filter>05.Component\GameObject\02.Camera</Filter>
    </ClInclude>
    <ClInclude Include="Shader_Terrain.h">
      <Filter>04.Shader\02.Shader_Terrain</Filter>
    </ClInclude>
    <ClInclude Include="Shader_BillBoard.h">
      <Filter>04.Shader\03.Shader_BillBoard</Filter>
    </ClInclude>
    <ClInclude Include="Shader_Standard.h">
      <Filter>04.Shader\05.Shader_Standard</Filter>
    </ClInclude>
    <ClInclude Include="Object_UI.h">
      <Filter>05.Component\GameObject\05.UI</Filter>
    </ClInclude>
    <ClInclude Include="Shader_CollisionBox.h">
      <Filter>04.Shader\06.Shader_Collision</Filter>
    </ClInclude>
    <ClInclude Include="Shader_Noise.h">
      <Filter>04.Shader\08.Shader_Noise</Filter>
    </ClInclude>
    <ClInclude Include="Object_Nosie.h">
      <Filter>05.Component\GameObject\07.Noise</Filter>
    </ClInclude>
    <ClInclude Include="Mgr_Collision.h">
      <Filter>09.GameManager</Filter>
    </ClInclude>
    <ClInclude Include="Object_StaticObj.h">
      <Filter>05.Component\GameObject\00.Object\00.StaticObject</Filter>
    </ClInclude>
    <ClInclude Include="Monster.h">
      <Filter>05.Component\GameObject\08.Monster</Filter>
    </ClInclude>
    <ClInclude Include="Monster_Yangmal.h">
      <Filter>05.Component\GameObject\08.Monster\00.Yangmal</Filter>
    </ClInclude>
    <ClInclude Include="Shader_LightMRT.h">
      <Filter>04.Shader\01.Shader_MultiRender\01.LightMRT</Filter>
    </ClInclude>
    <ClInclude Include="CShader_ShadowMRT.h">
      <Filter>04.Shader\01.Shader_MultiRender\02.ShadowMRT</Filter>
    </ClInclude>
    <ClInclude Include="Shader_MRT.h">
      <Filter>04.Shader\01.Shader_MultiRender\00.FinalMRT</Filter>
    </ClInclude>
  </ItemGroup>
  <ItemGroup>
    <ClCompile Include="Timer.cpp">
      <Filter>03.Timer</Filter>
    </ClCompile>
    <ClCompile Include="GameFramework.cpp">
      <Filter>01.FrameWork</Filter>
    </ClCompile>
    <ClCompile Include="Scene.cpp">
      <Filter>02.Scene</Filter>
    </ClCompile>
    <ClCompile Include="CorruptLab.cpp">
      <Filter>00.Basic</Filter>
    </ClCompile>
    <ClCompile Include="stdafx.cpp">
      <Filter>00.Basic</Filter>
    </ClCompile>
    <ClCompile Include="WICTextureLoader12.cpp">
      <Filter>98.external</Filter>
    </ClCompile>
    <ClCompile Include="DDSTextureLoader12.cpp">
      <Filter>98.external</Filter>
    </ClCompile>
    <ClCompile Include="Animation.cpp">
      <Filter>08.Animation</Filter>
    </ClCompile>
    <ClCompile Include="Object_BillBoard.cpp">
      <Filter>05.Component\GameObject\06.Billboard</Filter>
    </ClCompile>
    <ClCompile Include="Object_Terrain.cpp">
      <Filter>05.Component\GameObject\04.Terrain</Filter>
    </ClCompile>
    <ClCompile Include="Object_Player.cpp">
      <Filter>05.Component\GameObject\03.Player</Filter>
    </ClCompile>
    <ClCompile Include="MapObjectLoader.cpp">
      <Filter>05.Component\GameObject</Filter>
    </ClCompile>
    <ClCompile Include="Material.cpp">
      <Filter>05.Component\Material</Filter>
    </ClCompile>
    <ClCompile Include="Mesh_Terrain.cpp">
      <Filter>05.Component\GameObject\04.Terrain</Filter>
    </ClCompile>
    <ClCompile Include="Mesh_SkyBox.cpp">
      <Filter>05.Component\GameObject\06.Billboard</Filter>
    </ClCompile>
    <ClCompile Include="Mesh.cpp">
      <Filter>05.Component\GameObject\01.Mesh</Filter>
    </ClCompile>
    <ClCompile Include="Object.cpp">
      <Filter>05.Component\GameObject\00.Object</Filter>
    </ClCompile>
    <ClCompile Include="Shader.cpp">
      <Filter>04.Shader\00.Shader_Basic</Filter>
    </ClCompile>
    <ClCompile Include="Mesh_Skinned.cpp">
      <Filter>05.Component\GameObject\01.Mesh</Filter>
    </ClCompile>
    <ClCompile Include="Object_Camera.cpp">
      <Filter>05.Component\GameObject\02.Camera</Filter>
    </ClCompile>
    <ClCompile Include="Shader-Terrain.cpp">
      <Filter>04.Shader\02.Shader_Terrain</Filter>
    </ClCompile>
    <ClCompile Include="Shader_BillBoard.cpp">
      <Filter>04.Shader\03.Shader_BillBoard</Filter>
    </ClCompile>
    <ClCompile Include="Shader_Standard.cpp">
      <Filter>04.Shader\05.Shader_Standard</Filter>
    </ClCompile>
    <ClCompile Include="Object_UI.cpp">
      <Filter>05.Component\GameObject\05.UI</Filter>
    </ClCompile>
    <ClCompile Include="Shader_CollisionBox.cpp">
      <Filter>04.Shader\06.Shader_Collision</Filter>
    </ClCompile>
    <ClCompile Include="Shader_Noise.cpp">
      <Filter>04.Shader\08.Shader_Noise</Filter>
    </ClCompile>
    <ClCompile Include="Object_Nosie.cpp">
      <Filter>05.Component\GameObject\07.Noise</Filter>
    </ClCompile>
    <ClCompile Include="Mgr_Collision.cpp">
      <Filter>09.GameManager</Filter>
    </ClCompile>
    <ClCompile Include="Object_StaticObj.cpp">
      <Filter>05.Component\GameObject\00.Object\00.StaticObject</Filter>
    </ClCompile>
    <ClCompile Include="Monster.cpp">
      <Filter>05.Component\GameObject\08.Monster</Filter>
    </ClCompile>
    <ClCompile Include="Monster_Yangmal.cpp">
      <Filter>05.Component\GameObject\08.Monster\00.Yangmal</Filter>
    </ClCompile>
    <ClCompile Include="Shader_LightMRT.cpp">
      <Filter>04.Shader\01.Shader_MultiRender\01.LightMRT</Filter>
    </ClCompile>
    <ClCompile Include="CShader_ShadowMRT.cpp">
      <Filter>04.Shader\01.Shader_MultiRender\02.ShadowMRT</Filter>
    </ClCompile>
    <ClCompile Include="Shader_MRT.cpp">
      <Filter>04.Shader\01.Shader_MultiRender\00.FinalMRT</Filter>
    </ClCompile>
  </ItemGroup>
  <ItemGroup>
    <ResourceCompile Include="CorruptLab.rc">
      <Filter>99.Resource</Filter>
    </ResourceCompile>
  </ItemGroup>
  <ItemGroup>
    <Image Include="small.ico">
      <Filter>99.Resource</Filter>
    </Image>
    <Image Include="CorruptLab.ico">
      <Filter>99.Resource</Filter>
    </Image>
  </ItemGroup>
  <ItemGroup>
    <FxCompile Include="Shaders.hlsl">
      <Filter>04.Shader\00.Shader_Basic</Filter>
    </FxCompile>
    <FxCompile Include="HLSL_Terrain.hlsl">
      <Filter>04.Shader\02.Shader_Terrain</Filter>
    </FxCompile>
    <FxCompile Include="Light.hlsl">
      <Filter>04.Shader\00.Shader_Basic</Filter>
    </FxCompile>
    <FxCompile Include="HLSL_SkyBox.hlsl">
      <Filter>04.Shader\04.Shader_SkyBox</Filter>
    </FxCompile>
    <FxCompile Include="HLSL_Collision.hlsl">
      <Filter>04.Shader\06.Shader_Collision</Filter>
    </FxCompile>
    <FxCompile Include="HLSL_BillBoard.hlsl">
      <Filter>04.Shader\03.Shader_BillBoard</Filter>
    </FxCompile>
    <FxCompile Include="HLSL_Noise.hlsl">
      <Filter>04.Shader\08.Shader_Noise</Filter>
    </FxCompile>
    <FxCompile Include="HLSL_Fog.hlsl">
      <Filter>04.Shader\08.Shader_Noise</Filter>
    </FxCompile>
    <FxCompile Include="HLSL_waters.hlsl">
      <Filter>04.Shader\07.Shader_Water</Filter>
    </FxCompile>
    <FxCompile Include="HLSL_TerrainShadow.hlsl">
      <Filter>04.Shader\02.Shader_Terrain</Filter>
    </FxCompile>
    <FxCompile Include="HLSL_LightTarget.hlsl">
      <Filter>04.Shader\01.Shader_MultiRender\01.LightMRT</Filter>
    </FxCompile>
    <FxCompile Include="HLSL_MRT.hlsl">
      <Filter>04.Shader\01.Shader_MultiRender\00.FinalMRT</Filter>
    </FxCompile>
    <FxCompile Include="HLSL_Standard.hlsl">
      <Filter>04.Shader\05.Shader_Standard</Filter>
    </FxCompile>
    <FxCompile Include="HLSL_ShadowStandard.hlsl">
      <Filter>04.Shader\05.Shader_Standard</Filter>
    </FxCompile>
  </ItemGroup>
  <ItemGroup>
    <Text Include="소스.txt" />
  </ItemGroup>
</Project>