<?xml version="1.0" encoding="utf-8"?>
<Project ToolsVersion="4.0" xmlns="http://schemas.microsoft.com/developer/msbuild/2003">
  <ItemGroup>
    <Filter Include="MFC">
      <UniqueIdentifier>{31bfd5e8-a0ae-4e0f-882c-00e72729a99c}</UniqueIdentifier>
    </Filter>
    <Filter Include="MFC\Resource">
      <UniqueIdentifier>{67DA6AB6-F800-4c08-8B7A-83BB121AAD01}</UniqueIdentifier>
      <Extensions>rc;ico;cur;bmp;dlg;rc2;rct;bin;rgs;gif;jpg;jpeg;jpe;resx;tiff;tif;png;wav;mfcribbon-ms</Extensions>
    </Filter>
    <Filter Include="MFC\MyForm">
      <UniqueIdentifier>{e37a899d-ff32-4aa3-8108-1361b03f1db0}</UniqueIdentifier>
    </Filter>
    <Filter Include="MFC\MfcEffectToolView">
      <UniqueIdentifier>{c5643667-6d59-4c3e-a12d-00980612780d}</UniqueIdentifier>
    </Filter>
    <Filter Include="MFC\MfcEffectToolFDoc">
      <UniqueIdentifier>{932847a1-1fa0-4c09-b985-5a83c3702adf}</UniqueIdentifier>
    </Filter>
    <Filter Include="MFC\MfcEffectTool">
      <UniqueIdentifier>{aa255f04-cbe7-4c46-a09c-626fc10e7783}</UniqueIdentifier>
    </Filter>
    <Filter Include="MFC\MainFrm">
      <UniqueIdentifier>{6dee96d4-0c89-4f39-89b8-c083084624b8}</UniqueIdentifier>
    </Filter>
    <Filter Include="MFC\EffectTool">
      <UniqueIdentifier>{86da726c-9ebe-4b26-bc21-e40fbf79dc79}</UniqueIdentifier>
    </Filter>
    <Filter Include="MFC\efc">
      <UniqueIdentifier>{0288da78-8706-4680-9366-6d6e48b9193e}</UniqueIdentifier>
    </Filter>
    <Filter Include="Client">
      <UniqueIdentifier>{851f7cbd-b0a6-4dc1-a357-7bae53cf9155}</UniqueIdentifier>
    </Filter>
    <Filter Include="Client\Component">
      <UniqueIdentifier>{0431f4a7-2f63-4622-a1c7-efcf77d9cb59}</UniqueIdentifier>
    </Filter>
    <Filter Include="Client\Component\00.Object">
      <UniqueIdentifier>{0314337a-813e-4c03-8409-3d7c94fd7e34}</UniqueIdentifier>
    </Filter>
    <Filter Include="Client\Component\01.Animation">
      <UniqueIdentifier>{bdb84fcb-4e17-449d-8fff-229e4d8e8c88}</UniqueIdentifier>
    </Filter>
    <Filter Include="Client\Shader">
      <UniqueIdentifier>{88e7d7a2-b231-4e5d-bd65-c8f87b81d7ce}</UniqueIdentifier>
    </Filter>
    <Filter Include="Client\etc">
      <UniqueIdentifier>{6db7dcc2-1c81-430b-978c-6cf5ed259e85}</UniqueIdentifier>
    </Filter>
    <Filter Include="Client\GameFramework">
      <UniqueIdentifier>{55c3ede4-962a-4270-8a35-e0ae038d7bf0}</UniqueIdentifier>
    </Filter>
    <Filter Include="Client\Component\02.Mesh">
      <UniqueIdentifier>{f326977a-27f6-41d0-b714-d6bb5387f476}</UniqueIdentifier>
    </Filter>
    <Filter Include="Client\Scene">
      <UniqueIdentifier>{f60c1fcb-42f5-4021-9eeb-18671ce970ed}</UniqueIdentifier>
    </Filter>
    <Filter Include="Client\stdafx">
      <UniqueIdentifier>{27cfa6fb-d35b-48ff-9f03-8e87cb20b044}</UniqueIdentifier>
    </Filter>
    <Filter Include="Client\Timer">
      <UniqueIdentifier>{87b538b7-871d-4528-ad17-45098037644f}</UniqueIdentifier>
    </Filter>
    <Filter Include="Client\Shader\HLSL">
      <UniqueIdentifier>{2dd1d0db-b8cc-41bf-a006-82cebd8b4535}</UniqueIdentifier>
    </Filter>
  </ItemGroup>
  <ItemGroup>
    <ClInclude Include="EffectTool2.h">
      <Filter>MFC\EffectTool</Filter>
    </ClInclude>
    <ClInclude Include="EffectTool.h">
      <Filter>MFC\EffectTool</Filter>
    </ClInclude>
    <ClInclude Include="MainFrm.h">
      <Filter>MFC\MainFrm</Filter>
    </ClInclude>
    <ClInclude Include="MfcEffectTool.h">
      <Filter>MFC\MfcEffectTool</Filter>
    </ClInclude>
    <ClInclude Include="MyForm.h">
      <Filter>MFC\MyForm</Filter>
    </ClInclude>
    <ClInclude Include="MfcEffectToolDoc.h">
      <Filter>MFC\MfcEffectToolFDoc</Filter>
    </ClInclude>
    <ClInclude Include="MfcEffectToolView.h">
      <Filter>MFC\MfcEffectToolView</Filter>
    </ClInclude>
    <ClInclude Include="framework.h">
      <Filter>MFC\efc</Filter>
    </ClInclude>
    <ClInclude Include="pch.h">
      <Filter>MFC\efc</Filter>
    </ClInclude>
    <ClInclude Include="Resource.h">
      <Filter>MFC\efc</Filter>
    </ClInclude>
    <ClInclude Include="targetver.h">
      <Filter>MFC\efc</Filter>
    </ClInclude>
    <ClInclude Include="Define.h">
      <Filter>Client</Filter>
    </ClInclude>
    <ClInclude Include="Vertex.h">
      <Filter>Client</Filter>
    </ClInclude>
    <ClInclude Include="Object.h">
      <Filter>Client\Component\00.Object</Filter>
    </ClInclude>
    <ClInclude Include="Object_Terrain.h">
      <Filter>Client\Component\00.Object</Filter>
    </ClInclude>
    <ClInclude Include="Object_Player.h">
      <Filter>Client\Component\00.Object</Filter>
    </ClInclude>
    <ClInclude Include="Object_Camera.h">
      <Filter>Client\Component\00.Object</Filter>
    </ClInclude>
    <ClInclude Include="Animation.h">
      <Filter>Client\Component\01.Animation</Filter>
    </ClInclude>
    <ClInclude Include="CShader_ShadowMRT.h">
      <Filter>Client\Shader</Filter>
    </ClInclude>
    <ClInclude Include="Shader.h">
      <Filter>Client\Shader</Filter>
    </ClInclude>
    <ClInclude Include="DDSTextureLoader12.h">
      <Filter>Client\etc</Filter>
    </ClInclude>
    <ClInclude Include="d3dx12.h">
      <Filter>Client\etc</Filter>
    </ClInclude>
    <ClInclude Include="WICTextureLoader12.h">
      <Filter>Client\etc</Filter>
    </ClInclude>
    <ClInclude Include="GameFramework.h">
      <Filter>Client\GameFramework</Filter>
    </ClInclude>
    <ClInclude Include="Mesh.h">
      <Filter>Client\Component\02.Mesh</Filter>
    </ClInclude>
    <ClInclude Include="Material.h">
      <Filter>Client\Component\02.Mesh</Filter>
    </ClInclude>
    <ClInclude Include="Mesh_Skinned.h">
      <Filter>Client\Component\02.Mesh</Filter>
    </ClInclude>
    <ClInclude Include="Scene.h">
      <Filter>Client\Scene</Filter>
    </ClInclude>
    <ClInclude Include="Mesh_Terrain.h">
      <Filter>Client\Component\02.Mesh</Filter>
    </ClInclude>
    <ClInclude Include="Mesh_Water.h">
      <Filter>Client\Component\02.Mesh</Filter>
    </ClInclude>
    <ClInclude Include="Shader_LightMRT.h">
      <Filter>Client\Shader</Filter>
    </ClInclude>
    <ClInclude Include="Shader_MRT.h">
      <Filter>Client\Shader</Filter>
    </ClInclude>
    <ClInclude Include="Shader_Noise.h">
      <Filter>Client\Shader</Filter>
    </ClInclude>
    <ClInclude Include="Shader_Standard.h">
      <Filter>Client\Shader</Filter>
    </ClInclude>
    <ClInclude Include="Shader_Terrain.h">
      <Filter>Client\Shader</Filter>
    </ClInclude>
    <ClInclude Include="stdafx.h">
      <Filter>Client\stdafx</Filter>
    </ClInclude>
    <ClInclude Include="Timer.h">
      <Filter>Client\Timer</Filter>
    </ClInclude>
    <ClInclude Include="Object_Effect.h">
      <Filter>Client\Component\00.Object</Filter>
    </ClInclude>
    <ClInclude Include="Shader_Effect.h">
      <Filter>Client\Shader</Filter>
    </ClInclude>
  </ItemGroup>
  <ItemGroup>
    <ClCompile Include="EffectTool.cpp">
      <Filter>MFC\EffectTool</Filter>
    </ClCompile>
    <ClCompile Include="EffectTool2.cpp">
      <Filter>MFC\EffectTool</Filter>
    </ClCompile>
    <ClCompile Include="MainFrm.cpp">
      <Filter>MFC\MainFrm</Filter>
    </ClCompile>
    <ClCompile Include="MfcEffectTool.cpp">
      <Filter>MFC\MfcEffectTool</Filter>
    </ClCompile>
    <ClCompile Include="MyForm.cpp">
      <Filter>MFC\MyForm</Filter>
    </ClCompile>
    <ClCompile Include="MfcEffectToolDoc.cpp">
      <Filter>MFC\MfcEffectToolFDoc</Filter>
    </ClCompile>
    <ClCompile Include="MfcEffectToolView.cpp">
      <Filter>MFC\MfcEffectToolView</Filter>
    </ClCompile>
    <ClCompile Include="pch.cpp">
      <Filter>MFC\efc</Filter>
    </ClCompile>
    <ClCompile Include="Object.cpp">
      <Filter>Client\Component\00.Object</Filter>
    </ClCompile>
    <ClCompile Include="Object_Terrain.cpp">
      <Filter>Client\Component\00.Object</Filter>
    </ClCompile>
    <ClCompile Include="Object_Player.cpp">
      <Filter>Client\Component\00.Object</Filter>
    </ClCompile>
    <ClCompile Include="Object_Camera.cpp">
      <Filter>Client\Component\00.Object</Filter>
    </ClCompile>
    <ClCompile Include="Animation.cpp">
      <Filter>Client\Component\01.Animation</Filter>
    </ClCompile>
    <ClCompile Include="CShader_ShadowMRT.cpp">
      <Filter>Client\Shader</Filter>
    </ClCompile>
    <ClCompile Include="Shader.cpp">
      <Filter>Client\Shader</Filter>
    </ClCompile>
    <ClCompile Include="DDSTextureLoader12.cpp">
      <Filter>Client\etc</Filter>
    </ClCompile>
    <ClCompile Include="WICTextureLoader12.cpp">
      <Filter>Client\etc</Filter>
    </ClCompile>
    <ClCompile Include="GameFramework.cpp">
      <Filter>Client\GameFramework</Filter>
    </ClCompile>
    <ClCompile Include="Mesh.cpp">
      <Filter>Client\Component\02.Mesh</Filter>
    </ClCompile>
    <ClCompile Include="Material.cpp">
      <Filter>Client\Component\02.Mesh</Filter>
    </ClCompile>
    <ClCompile Include="Mesh_Skinned.cpp">
      <Filter>Client\Component\02.Mesh</Filter>
    </ClCompile>
    <ClCompile Include="Scene.cpp">
      <Filter>Client\Scene</Filter>
    </ClCompile>
    <ClCompile Include="Mesh_Terrain.cpp">
      <Filter>Client\Component\02.Mesh</Filter>
    </ClCompile>
    <ClCompile Include="Shader_LightMRT.cpp">
      <Filter>Client\Shader</Filter>
    </ClCompile>
    <ClCompile Include="Shader_MRT.cpp">
      <Filter>Client\Shader</Filter>
    </ClCompile>
    <ClCompile Include="Shader_Noise.cpp">
      <Filter>Client\Shader</Filter>
    </ClCompile>
    <ClCompile Include="Shader_Standard.cpp">
      <Filter>Client\Shader</Filter>
    </ClCompile>
    <ClCompile Include="stdafx.cpp">
      <Filter>Client\stdafx</Filter>
    </ClCompile>
    <ClCompile Include="Timer.cpp">
      <Filter>Client\Timer</Filter>
    </ClCompile>
    <ClCompile Include="Shader-Terrain.cpp">
      <Filter>Client\Shader</Filter>
    </ClCompile>
    <ClCompile Include="Object_Effect.cpp">
      <Filter>Client\Component\00.Object</Filter>
    </ClCompile>
    <ClCompile Include="Shader_Effect.cpp">
      <Filter>Client\Shader</Filter>
    </ClCompile>
  </ItemGroup>
  <ItemGroup>
    <ResourceCompile Include="MfcEffectTool.rc">
      <Filter>MFC\Resource</Filter>
    </ResourceCompile>
  </ItemGroup>
  <ItemGroup>
    <None Include="res\MfcEffectTool.rc2">
      <Filter>MFC\Resource</Filter>
    </None>
  </ItemGroup>
  <ItemGroup>
    <Image Include="res\MfcEffectToolDoc.ico">
      <Filter>MFC\Resource</Filter>
    </Image>
    <Image Include="res\MfcEffectTool.ico">
      <Filter>MFC\Resource</Filter>
    </Image>
    <Image Include="res\Toolbar.bmp">
      <Filter>MFC\Resource</Filter>
    </Image>
  </ItemGroup>
  <ItemGroup>
    <FxCompile Include="HLSL_LightTarget.hlsl">
      <Filter>Client\Shader\HLSL</Filter>
    </FxCompile>
    <FxCompile Include="HLSL_MRT.hlsl">
      <Filter>Client\Shader\HLSL</Filter>
    </FxCompile>
    <FxCompile Include="HLSL_ShadowStandard.hlsl">
      <Filter>Client\Shader\HLSL</Filter>
    </FxCompile>
    <FxCompile Include="HLSL_Standard.hlsl">
      <Filter>Client\Shader\HLSL</Filter>
    </FxCompile>
    <FxCompile Include="HLSL_Terrain.hlsl">
      <Filter>Client\Shader\HLSL</Filter>
    </FxCompile>
    <FxCompile Include="HLSL_TerrainShadow.hlsl">
      <Filter>Client\Shader\HLSL</Filter>
    </FxCompile>
    <FxCompile Include="Light.hlsl">
      <Filter>Client\Shader\HLSL</Filter>
    </FxCompile>
    <FxCompile Include="Shaders.hlsl">
      <Filter>Client\Shader\HLSL</Filter>
    </FxCompile>
    <FxCompile Include="HLSL_Effect.hlsl">
      <Filter>Client\Shader\HLSL</Filter>
    </FxCompile>
  </ItemGroup>
</Project>