
Microsoft Visual Studio Solution File, Format Version 12.00
# Visual Studio Version 16
VisualStudioVersion = 16.0.29519.181
MinimumVisualStudioVersion = 10.0.40219.1
Project("{8BC9CEB8-8B4A-11D0-8D11-00A0C91BC942}") = "CorruptLab", "CorruptLab\CorruptLab.vcxproj", "{0967882D-5317-4EDC-A93E-743B79B7A570}"
EndProject
Global
	GlobalSection(SolutionConfigurationPlatforms) = preSolution
		Debug|x64 = Debug|x64
		Debug|x86 = Debug|x86
		Release|x64 = Release|x64
		Release|x86 = Release|x86
	EndGlobalSection
	GlobalSection(ProjectConfigurationPlatforms) = postSolution
		{0967882D-5317-4EDC-A93E-743B79B7A570}.Debug|x64.ActiveCfg = Debug|x64
		{0967882D-5317-4EDC-A93E-743B79B7A570}.Debug|x64.Build.0 = Debug|x64
		{0967882D-5317-4EDC-A93E-743B79B7A570}.Debug|x86.ActiveCfg = Debug|Win32
		{0967882D-5317-4EDC-A93E-743B79B7A570}.Debug|x86.Build.0 = Debug|Win32
		{0967882D-5317-4EDC-A93E-743B79B7A570}.Release|x64.ActiveCfg = Release|x64
		{0967882D-5317-4EDC-A93E-743B79B7A570}.Release|x64.Build.0 = Release|x64
		{0967882D-5317-4EDC-A93E-743B79B7A570}.Release|x86.ActiveCfg = Release|Win32
		{0967882D-5317-4EDC-A93E-743B79B7A570}.Release|x86.Build.0 = Release|Win32
	EndGlobalSection
	GlobalSection(SolutionProperties) = preSolution
		HideSolutionNode = FALSE
	EndGlobalSection
	GlobalSection(ExtensibilityGlobals) = postSolution
		SolutionGuid = {08C1865F-B6EA-4E9B-BD59-848C173C1E11}
	EndGlobalSection
EndGlobal
